
Microsoft Visual Studio Solution File, Format Version 12.00
# Visual Studio Version 16
VisualStudioVersion = 16.0.29020.237
MinimumVisualStudioVersion = 10.0.40219.1
Project("{9A19103F-16F7-4668-BE54-9A1E7A4F7556}") = "FamilyNet", "FamilyNet\FamilyNet.csproj", "{15DDBD21-BBD3-4113-8260-18CCEAB9C5A2}"
EndProject
Project("{9A19103F-16F7-4668-BE54-9A1E7A4F7556}") = "FamilyNetServer", "FamilyNetServer\FamilyNetServer.csproj", "{BC7F9E29-77D5-44F7-BC62-394C9F1A2C11}"
EndProject
Global
	GlobalSection(SolutionConfigurationPlatforms) = preSolution
		Debug|Any CPU = Debug|Any CPU
		Release|Any CPU = Release|Any CPU
	EndGlobalSection
	GlobalSection(ProjectConfigurationPlatforms) = postSolution
		{15DDBD21-BBD3-4113-8260-18CCEAB9C5A2}.Debug|Any CPU.ActiveCfg = Debug|Any CPU
		{15DDBD21-BBD3-4113-8260-18CCEAB9C5A2}.Debug|Any CPU.Build.0 = Debug|Any CPU
		{15DDBD21-BBD3-4113-8260-18CCEAB9C5A2}.Release|Any CPU.ActiveCfg = Release|Any CPU
		{15DDBD21-BBD3-4113-8260-18CCEAB9C5A2}.Release|Any CPU.Build.0 = Release|Any CPU
		{BC7F9E29-77D5-44F7-BC62-394C9F1A2C11}.Debug|Any CPU.ActiveCfg = Debug|Any CPU
		{BC7F9E29-77D5-44F7-BC62-394C9F1A2C11}.Debug|Any CPU.Build.0 = Debug|Any CPU
		{BC7F9E29-77D5-44F7-BC62-394C9F1A2C11}.Release|Any CPU.ActiveCfg = Release|Any CPU
		{BC7F9E29-77D5-44F7-BC62-394C9F1A2C11}.Release|Any CPU.Build.0 = Release|Any CPU
	EndGlobalSection
	GlobalSection(SolutionProperties) = preSolution
		HideSolutionNode = FALSE
	EndGlobalSection
	GlobalSection(ExtensibilityGlobals) = postSolution
		SolutionGuid = {1B5C77B4-17F9-4378-8BCE-59B699CABCEC}
	EndGlobalSection
EndGlobal
